
Microsoft Visual Studio Solution File, Format Version 12.00
# Visual Studio 14
VisualStudioVersion = 14.0.25420.1
MinimumVisualStudioVersion = 10.0.40219.1
Project("{FAE04EC0-301F-11D3-BF4B-00C04F79EFBC}") = "EasyCondominio", "EasyCondominio\EasyCondominio.csproj", "{DAB4AC9A-1BEE-4249-B824-CCA6DBBCF802}"
EndProject
Project("{FAE04EC0-301F-11D3-BF4B-00C04F79EFBC}") = "BLL", "BLL\BLL.csproj", "{74EE7420-4C5E-4B5F-904D-8303287F9F20}"
EndProject
Project("{FAE04EC0-301F-11D3-BF4B-00C04F79EFBC}") = "DAL", "DAL\DAL.csproj", "{59CD5EF4-B66B-468C-ADB3-105A290FD78B}"
EndProject
Global
	GlobalSection(SolutionConfigurationPlatforms) = preSolution
		Debug|Any CPU = Debug|Any CPU
		Release|Any CPU = Release|Any CPU
	EndGlobalSection
	GlobalSection(ProjectConfigurationPlatforms) = postSolution
		{DAB4AC9A-1BEE-4249-B824-CCA6DBBCF802}.Debug|Any CPU.ActiveCfg = Debug|Any CPU
		{DAB4AC9A-1BEE-4249-B824-CCA6DBBCF802}.Debug|Any CPU.Build.0 = Debug|Any CPU
		{DAB4AC9A-1BEE-4249-B824-CCA6DBBCF802}.Release|Any CPU.ActiveCfg = Release|Any CPU
		{DAB4AC9A-1BEE-4249-B824-CCA6DBBCF802}.Release|Any CPU.Build.0 = Release|Any CPU
		{74EE7420-4C5E-4B5F-904D-8303287F9F20}.Debug|Any CPU.ActiveCfg = Debug|Any CPU
		{74EE7420-4C5E-4B5F-904D-8303287F9F20}.Debug|Any CPU.Build.0 = Debug|Any CPU
		{74EE7420-4C5E-4B5F-904D-8303287F9F20}.Release|Any CPU.ActiveCfg = Release|Any CPU
		{74EE7420-4C5E-4B5F-904D-8303287F9F20}.Release|Any CPU.Build.0 = Release|Any CPU
		{59CD5EF4-B66B-468C-ADB3-105A290FD78B}.Debug|Any CPU.ActiveCfg = Debug|Any CPU
		{59CD5EF4-B66B-468C-ADB3-105A290FD78B}.Debug|Any CPU.Build.0 = Debug|Any CPU
		{59CD5EF4-B66B-468C-ADB3-105A290FD78B}.Release|Any CPU.ActiveCfg = Release|Any CPU
		{59CD5EF4-B66B-468C-ADB3-105A290FD78B}.Release|Any CPU.Build.0 = Release|Any CPU
	EndGlobalSection
	GlobalSection(SolutionProperties) = preSolution
		HideSolutionNode = FALSE
	EndGlobalSection
	GlobalSection(TeamFoundationVersionControl) = preSolution
		SccNumberOfProjects = 4
		SccEnterpriseProvider = {4CA58AB2-18FA-4F8D-95D4-32DDF27D184C}
		SccTeamFoundationServer = https://easycondominio.visualstudio.com/
		SccLocalPath0 = .
		SccProjectUniqueName1 = EasyCondominio\\EasyCondominio.csproj
		SccProjectName1 = EasyCondominio
		SccLocalPath1 = EasyCondominio
		SccProjectUniqueName2 = BLL\\BLL.csproj
		SccProjectName2 = BLL
		SccLocalPath2 = BLL
		SccProjectUniqueName3 = DAL\\DAL.csproj
		SccProjectName3 = DAL
		SccLocalPath3 = DAL
	EndGlobalSection
EndGlobal
